
Microsoft Visual Studio Solution File, Format Version 12.00
# Visual Studio Version 17
VisualStudioVersion = 17.14.36327.8
MinimumVisualStudioVersion = 10.0.40219.1
Project("{FAE04EC0-301F-11D3-BF4B-00C04F79EFBC}") = "IK_Intranet_App", "IK_Intranet_App\IK_Intranet_App.csproj", "{BDC25D81-5FA6-494E-8655-1143644F8B4A}"
EndProject
Global
	GlobalSection(SolutionConfigurationPlatforms) = preSolution
		Debug|Any CPU = Debug|Any CPU
		Release|Any CPU = Release|Any CPU
	EndGlobalSection
	GlobalSection(ProjectConfigurationPlatforms) = postSolution
		{BDC25D81-5FA6-494E-8655-1143644F8B4A}.Debug|Any CPU.ActiveCfg = Debug|Any CPU
		{BDC25D81-5FA6-494E-8655-1143644F8B4A}.Debug|Any CPU.Build.0 = Debug|Any CPU
		{BDC25D81-5FA6-494E-8655-1143644F8B4A}.Release|Any CPU.ActiveCfg = Release|Any CPU
		{BDC25D81-5FA6-494E-8655-1143644F8B4A}.Release|Any CPU.Build.0 = Release|Any CPU
	EndGlobalSection
	GlobalSection(SolutionProperties) = preSolution
		HideSolutionNode = FALSE
	EndGlobalSection
	GlobalSection(ExtensibilityGlobals) = postSolution
		SolutionGuid = {F7CAE27D-89E0-42BE-A5D0-37AE6E7DFF87}
	EndGlobalSection
EndGlobal
